
Microsoft Visual Studio Solution File, Format Version 12.00
# Visual Studio 15
Project("{FAE04EC0-301F-11D3-BF4B-00C04F79EFBC}") = "Assembly-CSharp", "Assembly-CSharp.csproj", "{3FCF747F-1F99-9A03-05FC-50B355932973}"
EndProject
Project("{FAE04EC0-301F-11D3-BF4B-00C04F79EFBC}") = "Assembly-CSharp-firstpass", "Assembly-CSharp-firstpass.csproj", "{2F1909BF-375D-2C63-4B8D-47D165C0590F}"
EndProject
Project("{FAE04EC0-301F-11D3-BF4B-00C04F79EFBC}") = "Assembly-CSharp-Editor-firstpass", "Assembly-CSharp-Editor-firstpass.csproj", "{9793775A-011F-350E-5922-6675D233A8C7}"
EndProject
Global
	GlobalSection(SolutionConfigurationPlatforms) = preSolution
		Debug|Any CPU = Debug|Any CPU
		Release|Any CPU = Release|Any CPU
	EndGlobalSection
	GlobalSection(ProjectConfigurationPlatforms) = postSolution
		{3FCF747F-1F99-9A03-05FC-50B355932973}.Debug|Any CPU.ActiveCfg = Debug|Any CPU
		{3FCF747F-1F99-9A03-05FC-50B355932973}.Debug|Any CPU.Build.0 = Debug|Any CPU
		{3FCF747F-1F99-9A03-05FC-50B355932973}.Release|Any CPU.ActiveCfg = Release|Any CPU
		{3FCF747F-1F99-9A03-05FC-50B355932973}.Release|Any CPU.Build.0 = Release|Any CPU
		{2F1909BF-375D-2C63-4B8D-47D165C0590F}.Debug|Any CPU.ActiveCfg = Debug|Any CPU
		{2F1909BF-375D-2C63-4B8D-47D165C0590F}.Debug|Any CPU.Build.0 = Debug|Any CPU
		{2F1909BF-375D-2C63-4B8D-47D165C0590F}.Release|Any CPU.ActiveCfg = Release|Any CPU
		{2F1909BF-375D-2C63-4B8D-47D165C0590F}.Release|Any CPU.Build.0 = Release|Any CPU
		{9793775A-011F-350E-5922-6675D233A8C7}.Debug|Any CPU.ActiveCfg = Debug|Any CPU
		{9793775A-011F-350E-5922-6675D233A8C7}.Debug|Any CPU.Build.0 = Debug|Any CPU
		{9793775A-011F-350E-5922-6675D233A8C7}.Release|Any CPU.ActiveCfg = Release|Any CPU
		{9793775A-011F-350E-5922-6675D233A8C7}.Release|Any CPU.Build.0 = Release|Any CPU
	EndGlobalSection
	GlobalSection(SolutionProperties) = preSolution
		HideSolutionNode = FALSE
	EndGlobalSection
EndGlobal
