
Microsoft Visual Studio Solution File, Format Version 11.00
# Visual Studio 2010
Project("{FAE04EC0-301F-11D3-BF4B-00C04F79EFBC}") = "Assembly-CSharp", "Assembly-CSharp.csproj", "{366220b8-1fdf-ef3b-2aa1-61dffdf37ffd}"
EndProject
Project("{FAE04EC0-301F-11D3-BF4B-00C04F79EFBC}") = "Assembly-CSharp-firstpass", "Assembly-CSharp-firstpass.csproj", "{fd849e0f-386a-b898-9fde-8abd89b67346}"
EndProject
Project("{FAE04EC0-301F-11D3-BF4B-00C04F79EFBC}") = "Assembly-CSharp-Editor-firstpass", "Assembly-CSharp-Editor-firstpass.csproj", "{7d38c5b7-f000-4e6a-dd41-e6f3771ab8b7}"
EndProject
Global
	GlobalSection(SolutionConfigurationPlatforms) = preSolution
		Debug|Any CPU = Debug|Any CPU
	EndGlobalSection
	GlobalSection(ProjectConfigurationPlatforms) = postSolution
		{366220b8-1fdf-ef3b-2aa1-61dffdf37ffd}.Debug|Any CPU.ActiveCfg = Debug|Any CPU
		{366220b8-1fdf-ef3b-2aa1-61dffdf37ffd}.Debug|Any CPU.Build.0 = Debug|Any CPU
		{fd849e0f-386a-b898-9fde-8abd89b67346}.Debug|Any CPU.ActiveCfg = Debug|Any CPU
		{fd849e0f-386a-b898-9fde-8abd89b67346}.Debug|Any CPU.Build.0 = Debug|Any CPU
		{7d38c5b7-f000-4e6a-dd41-e6f3771ab8b7}.Debug|Any CPU.ActiveCfg = Debug|Any CPU
		{7d38c5b7-f000-4e6a-dd41-e6f3771ab8b7}.Debug|Any CPU.Build.0 = Debug|Any CPU
	EndGlobalSection
	GlobalSection(SolutionProperties) = preSolution
		HideSolutionNode = FALSE
	EndGlobalSection
EndGlobal
