
Microsoft Visual Studio Solution File, Format Version 11.00
# Visual Studio 2010
Project("{FAE04EC0-301F-11D3-BF4B-00C04F79EFBC}") = "Assembly-CSharp", "Assembly-CSharp.csproj", "{B8206236-DF1F-3BEF-2AA1-61DFFDF37FFD}"
EndProject
Project("{FAE04EC0-301F-11D3-BF4B-00C04F79EFBC}") = "Assembly-CSharp-firstpass", "Assembly-CSharp-firstpass.csproj", "{0F9E84FD-6A38-98B8-9FDE-8ABD89B67346}"
EndProject
Project("{FAE04EC0-301F-11D3-BF4B-00C04F79EFBC}") = "Assembly-CSharp-Editor-firstpass", "Assembly-CSharp-Editor-firstpass.csproj", "{B7C5387D-00F0-6A4E-DD41-E6F3771AB8B7}"
EndProject
Project("{FAE04EC0-301F-11D3-BF4B-00C04F79EFBC}") = "UMotionSourceApplication", "UMotionSourceApplication.csproj", "{607A94D4-D576-5FF3-C9D5-6660C15EE2D0}"
EndProject
Project("{FAE04EC0-301F-11D3-BF4B-00C04F79EFBC}") = "UMotionSourceEditor", "UMotionSourceEditor.csproj", "{06F3938C-A3B7-704B-D1BF-B23ED9680796}"
EndProject
Global
	GlobalSection(SolutionConfigurationPlatforms) = preSolution
		Debug|Any CPU = Debug|Any CPU
		Release|Any CPU = Release|Any CPU
	EndGlobalSection
	GlobalSection(ProjectConfigurationPlatforms) = postSolution
		{B8206236-DF1F-3BEF-2AA1-61DFFDF37FFD}.Debug|Any CPU.ActiveCfg = Debug|Any CPU
		{B8206236-DF1F-3BEF-2AA1-61DFFDF37FFD}.Debug|Any CPU.Build.0 = Debug|Any CPU
		{B8206236-DF1F-3BEF-2AA1-61DFFDF37FFD}.Release|Any CPU.ActiveCfg = Release|Any CPU
		{B8206236-DF1F-3BEF-2AA1-61DFFDF37FFD}.Release|Any CPU.Build.0 = Release|Any CPU
		{0F9E84FD-6A38-98B8-9FDE-8ABD89B67346}.Debug|Any CPU.ActiveCfg = Debug|Any CPU
		{0F9E84FD-6A38-98B8-9FDE-8ABD89B67346}.Debug|Any CPU.Build.0 = Debug|Any CPU
		{0F9E84FD-6A38-98B8-9FDE-8ABD89B67346}.Release|Any CPU.ActiveCfg = Release|Any CPU
		{0F9E84FD-6A38-98B8-9FDE-8ABD89B67346}.Release|Any CPU.Build.0 = Release|Any CPU
		{B7C5387D-00F0-6A4E-DD41-E6F3771AB8B7}.Debug|Any CPU.ActiveCfg = Debug|Any CPU
		{B7C5387D-00F0-6A4E-DD41-E6F3771AB8B7}.Debug|Any CPU.Build.0 = Debug|Any CPU
		{B7C5387D-00F0-6A4E-DD41-E6F3771AB8B7}.Release|Any CPU.ActiveCfg = Release|Any CPU
		{B7C5387D-00F0-6A4E-DD41-E6F3771AB8B7}.Release|Any CPU.Build.0 = Release|Any CPU
		{607A94D4-D576-5FF3-C9D5-6660C15EE2D0}.Debug|Any CPU.ActiveCfg = Debug|Any CPU
		{607A94D4-D576-5FF3-C9D5-6660C15EE2D0}.Debug|Any CPU.Build.0 = Debug|Any CPU
		{607A94D4-D576-5FF3-C9D5-6660C15EE2D0}.Release|Any CPU.ActiveCfg = Release|Any CPU
		{607A94D4-D576-5FF3-C9D5-6660C15EE2D0}.Release|Any CPU.Build.0 = Release|Any CPU
		{06F3938C-A3B7-704B-D1BF-B23ED9680796}.Debug|Any CPU.ActiveCfg = Debug|Any CPU
		{06F3938C-A3B7-704B-D1BF-B23ED9680796}.Debug|Any CPU.Build.0 = Debug|Any CPU
		{06F3938C-A3B7-704B-D1BF-B23ED9680796}.Release|Any CPU.ActiveCfg = Release|Any CPU
		{06F3938C-A3B7-704B-D1BF-B23ED9680796}.Release|Any CPU.Build.0 = Release|Any CPU
	EndGlobalSection
	GlobalSection(SolutionProperties) = preSolution
		HideSolutionNode = FALSE
	EndGlobalSection
EndGlobal
