
Microsoft Visual Studio Solution File, Format Version 12.00
# Visual Studio 15
Project("{FAE04EC0-301F-11D3-BF4B-00C04F79EFBC}") = "UnityEngine.UI", "UnityEngine.UI.csproj", "{1C9E3DE2-F6D5-9AC4-5934-88C7B9AA7741}"
EndProject
Project("{FAE04EC0-301F-11D3-BF4B-00C04F79EFBC}") = "UnityEngine.TestRunner", "UnityEngine.TestRunner.csproj", "{F2D36B23-0966-B41A-9C4B-C19673F0AFAE}"
EndProject
Project("{FAE04EC0-301F-11D3-BF4B-00C04F79EFBC}") = "Assembly-CSharp", "Assembly-CSharp.csproj", "{B8206236-DF1F-3BEF-2AA1-61DFFDF37FFD}"
EndProject
Project("{FAE04EC0-301F-11D3-BF4B-00C04F79EFBC}") = "Unity.TextMeshPro", "Unity.TextMeshPro.csproj", "{6C4DB70B-142A-5459-52B7-FC9BF31B0395}"
EndProject
Project("{FAE04EC0-301F-11D3-BF4B-00C04F79EFBC}") = "Unity.Timeline", "Unity.Timeline.csproj", "{F9B9250C-5E96-3A5D-49DE-4557E3D7E847}"
EndProject
Project("{FAE04EC0-301F-11D3-BF4B-00C04F79EFBC}") = "Assembly-CSharp-firstpass", "Assembly-CSharp-firstpass.csproj", "{0F9E84FD-6A38-98B8-9FDE-8ABD89B67346}"
EndProject
Project("{FAE04EC0-301F-11D3-BF4B-00C04F79EFBC}") = "UnityEditor.TestRunner", "UnityEditor.TestRunner.csproj", "{F96E2B32-36A9-8263-F88C-64909D56B1F2}"
EndProject
Project("{FAE04EC0-301F-11D3-BF4B-00C04F79EFBC}") = "Assembly-CSharp-Editor-firstpass", "Assembly-CSharp-Editor-firstpass.csproj", "{B7C5387D-00F0-6A4E-DD41-E6F3771AB8B7}"
EndProject
Project("{FAE04EC0-301F-11D3-BF4B-00C04F79EFBC}") = "Unity.TextMeshPro.Editor", "Unity.TextMeshPro.Editor.csproj", "{18DD8E91-466B-1619-4E58-163D355075F9}"
EndProject
Project("{FAE04EC0-301F-11D3-BF4B-00C04F79EFBC}") = "Unity.Timeline.Editor", "Unity.Timeline.Editor.csproj", "{453373F2-D05D-F640-F4AA-BAC8B9D6DF04}"
EndProject
Project("{FAE04EC0-301F-11D3-BF4B-00C04F79EFBC}") = "Unity.2D.Sprite.Editor", "Unity.2D.Sprite.Editor.csproj", "{87EF3DFF-FBB6-5CC1-7581-DD3B6F468990}"
EndProject
Project("{FAE04EC0-301F-11D3-BF4B-00C04F79EFBC}") = "UnityEditor.UI", "UnityEditor.UI.csproj", "{96E0894D-C810-33D8-6EAE-4B7537C75069}"
EndProject
Project("{FAE04EC0-301F-11D3-BF4B-00C04F79EFBC}") = "Unity.Rider.Editor", "Unity.Rider.Editor.csproj", "{D22AAB49-5E8A-68EB-3C12-719F6AA79070}"
EndProject
Project("{FAE04EC0-301F-11D3-BF4B-00C04F79EFBC}") = "Unity.CollabProxy.Editor", "Unity.CollabProxy.Editor.csproj", "{29307E29-6D9A-A825-AF28-CC1628397283}"
EndProject
Project("{FAE04EC0-301F-11D3-BF4B-00C04F79EFBC}") = "Unity.VSCode.Editor", "Unity.VSCode.Editor.csproj", "{BC1406C3-3F5C-2918-627A-5EDD6E483202}"
EndProject
Project("{FAE04EC0-301F-11D3-BF4B-00C04F79EFBC}") = "Assembly-CSharp.Player", "Assembly-CSharp.Player.csproj", "{6066E543-6188-A440-E372-875A7F02E00F}"
EndProject
Project("{FAE04EC0-301F-11D3-BF4B-00C04F79EFBC}") = "Assembly-CSharp-firstpass.Player", "Assembly-CSharp-firstpass.Player.csproj", "{364C0DD2-A082-40DD-CC05-0AB4FD19B1DE}"
EndProject
Global
	GlobalSection(SolutionConfigurationPlatforms) = preSolution
		Debug|Any CPU = Debug|Any CPU
		Release|Any CPU = Release|Any CPU
	EndGlobalSection
	GlobalSection(ProjectConfigurationPlatforms) = postSolution
		{1C9E3DE2-F6D5-9AC4-5934-88C7B9AA7741}.Debug|Any CPU.ActiveCfg = Debug|Any CPU
		{1C9E3DE2-F6D5-9AC4-5934-88C7B9AA7741}.Debug|Any CPU.Build.0 = Debug|Any CPU
		{1C9E3DE2-F6D5-9AC4-5934-88C7B9AA7741}.Release|Any CPU.ActiveCfg = Release|Any CPU
		{1C9E3DE2-F6D5-9AC4-5934-88C7B9AA7741}.Release|Any CPU.Build.0 = Release|Any CPU
		{F2D36B23-0966-B41A-9C4B-C19673F0AFAE}.Debug|Any CPU.ActiveCfg = Debug|Any CPU
		{F2D36B23-0966-B41A-9C4B-C19673F0AFAE}.Debug|Any CPU.Build.0 = Debug|Any CPU
		{F2D36B23-0966-B41A-9C4B-C19673F0AFAE}.Release|Any CPU.ActiveCfg = Release|Any CPU
		{F2D36B23-0966-B41A-9C4B-C19673F0AFAE}.Release|Any CPU.Build.0 = Release|Any CPU
		{B8206236-DF1F-3BEF-2AA1-61DFFDF37FFD}.Debug|Any CPU.ActiveCfg = Debug|Any CPU
		{B8206236-DF1F-3BEF-2AA1-61DFFDF37FFD}.Debug|Any CPU.Build.0 = Debug|Any CPU
		{B8206236-DF1F-3BEF-2AA1-61DFFDF37FFD}.Release|Any CPU.ActiveCfg = Release|Any CPU
		{B8206236-DF1F-3BEF-2AA1-61DFFDF37FFD}.Release|Any CPU.Build.0 = Release|Any CPU
		{6C4DB70B-142A-5459-52B7-FC9BF31B0395}.Debug|Any CPU.ActiveCfg = Debug|Any CPU
		{6C4DB70B-142A-5459-52B7-FC9BF31B0395}.Debug|Any CPU.Build.0 = Debug|Any CPU
		{6C4DB70B-142A-5459-52B7-FC9BF31B0395}.Release|Any CPU.ActiveCfg = Release|Any CPU
		{6C4DB70B-142A-5459-52B7-FC9BF31B0395}.Release|Any CPU.Build.0 = Release|Any CPU
		{F9B9250C-5E96-3A5D-49DE-4557E3D7E847}.Debug|Any CPU.ActiveCfg = Debug|Any CPU
		{F9B9250C-5E96-3A5D-49DE-4557E3D7E847}.Debug|Any CPU.Build.0 = Debug|Any CPU
		{F9B9250C-5E96-3A5D-49DE-4557E3D7E847}.Release|Any CPU.ActiveCfg = Release|Any CPU
		{F9B9250C-5E96-3A5D-49DE-4557E3D7E847}.Release|Any CPU.Build.0 = Release|Any CPU
		{0F9E84FD-6A38-98B8-9FDE-8ABD89B67346}.Debug|Any CPU.ActiveCfg = Debug|Any CPU
		{0F9E84FD-6A38-98B8-9FDE-8ABD89B67346}.Debug|Any CPU.Build.0 = Debug|Any CPU
		{0F9E84FD-6A38-98B8-9FDE-8ABD89B67346}.Release|Any CPU.ActiveCfg = Release|Any CPU
		{0F9E84FD-6A38-98B8-9FDE-8ABD89B67346}.Release|Any CPU.Build.0 = Release|Any CPU
		{F96E2B32-36A9-8263-F88C-64909D56B1F2}.Debug|Any CPU.ActiveCfg = Debug|Any CPU
		{F96E2B32-36A9-8263-F88C-64909D56B1F2}.Debug|Any CPU.Build.0 = Debug|Any CPU
		{F96E2B32-36A9-8263-F88C-64909D56B1F2}.Release|Any CPU.ActiveCfg = Release|Any CPU
		{F96E2B32-36A9-8263-F88C-64909D56B1F2}.Release|Any CPU.Build.0 = Release|Any CPU
		{B7C5387D-00F0-6A4E-DD41-E6F3771AB8B7}.Debug|Any CPU.ActiveCfg = Debug|Any CPU
		{B7C5387D-00F0-6A4E-DD41-E6F3771AB8B7}.Debug|Any CPU.Build.0 = Debug|Any CPU
		{B7C5387D-00F0-6A4E-DD41-E6F3771AB8B7}.Release|Any CPU.ActiveCfg = Release|Any CPU
		{B7C5387D-00F0-6A4E-DD41-E6F3771AB8B7}.Release|Any CPU.Build.0 = Release|Any CPU
		{18DD8E91-466B-1619-4E58-163D355075F9}.Debug|Any CPU.ActiveCfg = Debug|Any CPU
		{18DD8E91-466B-1619-4E58-163D355075F9}.Debug|Any CPU.Build.0 = Debug|Any CPU
		{18DD8E91-466B-1619-4E58-163D355075F9}.Release|Any CPU.ActiveCfg = Release|Any CPU
		{18DD8E91-466B-1619-4E58-163D355075F9}.Release|Any CPU.Build.0 = Release|Any CPU
		{453373F2-D05D-F640-F4AA-BAC8B9D6DF04}.Debug|Any CPU.ActiveCfg = Debug|Any CPU
		{453373F2-D05D-F640-F4AA-BAC8B9D6DF04}.Debug|Any CPU.Build.0 = Debug|Any CPU
		{453373F2-D05D-F640-F4AA-BAC8B9D6DF04}.Release|Any CPU.ActiveCfg = Release|Any CPU
		{453373F2-D05D-F640-F4AA-BAC8B9D6DF04}.Release|Any CPU.Build.0 = Release|Any CPU
		{87EF3DFF-FBB6-5CC1-7581-DD3B6F468990}.Debug|Any CPU.ActiveCfg = Debug|Any CPU
		{87EF3DFF-FBB6-5CC1-7581-DD3B6F468990}.Debug|Any CPU.Build.0 = Debug|Any CPU
		{87EF3DFF-FBB6-5CC1-7581-DD3B6F468990}.Release|Any CPU.ActiveCfg = Release|Any CPU
		{87EF3DFF-FBB6-5CC1-7581-DD3B6F468990}.Release|Any CPU.Build.0 = Release|Any CPU
		{96E0894D-C810-33D8-6EAE-4B7537C75069}.Debug|Any CPU.ActiveCfg = Debug|Any CPU
		{96E0894D-C810-33D8-6EAE-4B7537C75069}.Debug|Any CPU.Build.0 = Debug|Any CPU
		{96E0894D-C810-33D8-6EAE-4B7537C75069}.Release|Any CPU.ActiveCfg = Release|Any CPU
		{96E0894D-C810-33D8-6EAE-4B7537C75069}.Release|Any CPU.Build.0 = Release|Any CPU
		{D22AAB49-5E8A-68EB-3C12-719F6AA79070}.Debug|Any CPU.ActiveCfg = Debug|Any CPU
		{D22AAB49-5E8A-68EB-3C12-719F6AA79070}.Debug|Any CPU.Build.0 = Debug|Any CPU
		{D22AAB49-5E8A-68EB-3C12-719F6AA79070}.Release|Any CPU.ActiveCfg = Release|Any CPU
		{D22AAB49-5E8A-68EB-3C12-719F6AA79070}.Release|Any CPU.Build.0 = Release|Any CPU
		{29307E29-6D9A-A825-AF28-CC1628397283}.Debug|Any CPU.ActiveCfg = Debug|Any CPU
		{29307E29-6D9A-A825-AF28-CC1628397283}.Debug|Any CPU.Build.0 = Debug|Any CPU
		{29307E29-6D9A-A825-AF28-CC1628397283}.Release|Any CPU.ActiveCfg = Release|Any CPU
		{29307E29-6D9A-A825-AF28-CC1628397283}.Release|Any CPU.Build.0 = Release|Any CPU
		{BC1406C3-3F5C-2918-627A-5EDD6E483202}.Debug|Any CPU.ActiveCfg = Debug|Any CPU
		{BC1406C3-3F5C-2918-627A-5EDD6E483202}.Debug|Any CPU.Build.0 = Debug|Any CPU
		{BC1406C3-3F5C-2918-627A-5EDD6E483202}.Release|Any CPU.ActiveCfg = Release|Any CPU
		{BC1406C3-3F5C-2918-627A-5EDD6E483202}.Release|Any CPU.Build.0 = Release|Any CPU
		{6066E543-6188-A440-E372-875A7F02E00F}.Debug|Any CPU.ActiveCfg = Debug|Any CPU
		{6066E543-6188-A440-E372-875A7F02E00F}.Debug|Any CPU.Build.0 = Debug|Any CPU
		{6066E543-6188-A440-E372-875A7F02E00F}.Release|Any CPU.ActiveCfg = Release|Any CPU
		{6066E543-6188-A440-E372-875A7F02E00F}.Release|Any CPU.Build.0 = Release|Any CPU
		{364C0DD2-A082-40DD-CC05-0AB4FD19B1DE}.Debug|Any CPU.ActiveCfg = Debug|Any CPU
		{364C0DD2-A082-40DD-CC05-0AB4FD19B1DE}.Debug|Any CPU.Build.0 = Debug|Any CPU
		{364C0DD2-A082-40DD-CC05-0AB4FD19B1DE}.Release|Any CPU.ActiveCfg = Release|Any CPU
		{364C0DD2-A082-40DD-CC05-0AB4FD19B1DE}.Release|Any CPU.Build.0 = Release|Any CPU
	EndGlobalSection
	GlobalSection(SolutionProperties) = preSolution
		HideSolutionNode = FALSE
	EndGlobalSection
EndGlobal
