
Microsoft Visual Studio Solution File, Format Version 11.00
# Visual Studio 2010
Project("{FAE04EC0-301F-11D3-BF4B-00C04F79EFBC}") = "Assembly-CSharp", "Assembly-CSharp.csproj", "{A6E73EC5-5DD3-CC67-66A9-347EEAC5CAA7}"
EndProject
Project("{FAE04EC0-301F-11D3-BF4B-00C04F79EFBC}") = "Assembly-CSharp-firstpass", "Assembly-CSharp-firstpass.csproj", "{9F2BF435-49BE-08EC-3DF6-A0856A05970A}"
EndProject
Project("{FAE04EC0-301F-11D3-BF4B-00C04F79EFBC}") = "Assembly-CSharp-Editor-firstpass", "Assembly-CSharp-Editor-firstpass.csproj", "{BE78A938-06D2-712B-03FA-E4CCC949B5A6}"
EndProject
Global
	GlobalSection(SolutionConfigurationPlatforms) = preSolution
		Debug|Any CPU = Debug|Any CPU
		Release|Any CPU = Release|Any CPU
	EndGlobalSection
	GlobalSection(ProjectConfigurationPlatforms) = postSolution
		{A6E73EC5-5DD3-CC67-66A9-347EEAC5CAA7}.Debug|Any CPU.ActiveCfg = Debug|Any CPU
		{A6E73EC5-5DD3-CC67-66A9-347EEAC5CAA7}.Debug|Any CPU.Build.0 = Debug|Any CPU
		{A6E73EC5-5DD3-CC67-66A9-347EEAC5CAA7}.Release|Any CPU.ActiveCfg = Release|Any CPU
		{A6E73EC5-5DD3-CC67-66A9-347EEAC5CAA7}.Release|Any CPU.Build.0 = Release|Any CPU
		{9F2BF435-49BE-08EC-3DF6-A0856A05970A}.Debug|Any CPU.ActiveCfg = Debug|Any CPU
		{9F2BF435-49BE-08EC-3DF6-A0856A05970A}.Debug|Any CPU.Build.0 = Debug|Any CPU
		{9F2BF435-49BE-08EC-3DF6-A0856A05970A}.Release|Any CPU.ActiveCfg = Release|Any CPU
		{9F2BF435-49BE-08EC-3DF6-A0856A05970A}.Release|Any CPU.Build.0 = Release|Any CPU
		{BE78A938-06D2-712B-03FA-E4CCC949B5A6}.Debug|Any CPU.ActiveCfg = Debug|Any CPU
		{BE78A938-06D2-712B-03FA-E4CCC949B5A6}.Debug|Any CPU.Build.0 = Debug|Any CPU
		{BE78A938-06D2-712B-03FA-E4CCC949B5A6}.Release|Any CPU.ActiveCfg = Release|Any CPU
		{BE78A938-06D2-712B-03FA-E4CCC949B5A6}.Release|Any CPU.Build.0 = Release|Any CPU
	EndGlobalSection
	GlobalSection(SolutionProperties) = preSolution
		HideSolutionNode = FALSE
	EndGlobalSection
EndGlobal
